
Microsoft Visual Studio Solution File, Format Version 12.00
# Visual Studio Version 17
VisualStudioVersion = 17.10.34916.146
MinimumVisualStudioVersion = 10.0.40219.1
Project("{FAE04EC0-301F-11D3-BF4B-00C04F79EFBC}") = "Models", "Models\Models.csproj", "{DFEC56CC-71AB-461A-AFA4-89B1B9613295}"
EndProject
Project("{FAE04EC0-301F-11D3-BF4B-00C04F79EFBC}") = "WpfApp1", "WpfApp1\WpfApp1.csproj", "{C7DD3BF4-6482-4BF1-BAB1-431F6218E60C}"
EndProject
Global
	GlobalSection(SolutionConfigurationPlatforms) = preSolution
		Debug|Any CPU = Debug|Any CPU
		Release|Any CPU = Release|Any CPU
	EndGlobalSection
	GlobalSection(ProjectConfigurationPlatforms) = postSolution
		{DFEC56CC-71AB-461A-AFA4-89B1B9613295}.Debug|Any CPU.ActiveCfg = Debug|Any CPU
		{DFEC56CC-71AB-461A-AFA4-89B1B9613295}.Debug|Any CPU.Build.0 = Debug|Any CPU
		{DFEC56CC-71AB-461A-AFA4-89B1B9613295}.Release|Any CPU.ActiveCfg = Release|Any CPU
		{DFEC56CC-71AB-461A-AFA4-89B1B9613295}.Release|Any CPU.Build.0 = Release|Any CPU
		{C7DD3BF4-6482-4BF1-BAB1-431F6218E60C}.Debug|Any CPU.ActiveCfg = Debug|Any CPU
		{C7DD3BF4-6482-4BF1-BAB1-431F6218E60C}.Debug|Any CPU.Build.0 = Debug|Any CPU
		{C7DD3BF4-6482-4BF1-BAB1-431F6218E60C}.Release|Any CPU.ActiveCfg = Release|Any CPU
		{C7DD3BF4-6482-4BF1-BAB1-431F6218E60C}.Release|Any CPU.Build.0 = Release|Any CPU
	EndGlobalSection
	GlobalSection(SolutionProperties) = preSolution
		HideSolutionNode = FALSE
	EndGlobalSection
	GlobalSection(ExtensibilityGlobals) = postSolution
		SolutionGuid = {90E4ED9D-AB8C-4F30-A03D-2B7EBCDDA03F}
	EndGlobalSection
EndGlobal
